// !$*UTF8*$!
{
	archiveVersion = 1;
	classes = {
	};
	objectVersion = 46;
	objects = {

/* Begin PBXBuildFile section */
		D60351571AFE5110000CE38A /* MttImageBrowserCellView.m in Sources */ = {isa = PBXBuildFile; fileRef = D60351561AFE5110000CE38A /* MttImageBrowserCellView.m */; };
		D6F1CBBF1AFDF8A1007C9191 /* main.m in Sources */ = {isa = PBXBuildFile; fileRef = D6F1CBBE1AFDF8A1007C9191 /* main.m */; };
		D6F1CBC21AFDF8A1007C9191 /* AppDelegate.m in Sources */ = {isa = PBXBuildFile; fileRef = D6F1CBC11AFDF8A1007C9191 /* AppDelegate.m */; };
		D6F1CBC51AFDF8A1007C9191 /* ViewController.m in Sources */ = {isa = PBXBuildFile; fileRef = D6F1CBC41AFDF8A1007C9191 /* ViewController.m */; };
		D6F1CBC81AFDF8A1007C9191 /* Main.storyboard in Resources */ = {isa = PBXBuildFile; fileRef = D6F1CBC61AFDF8A1007C9191 /* Main.storyboard */; };
		D6F1CBCA1AFDF8A1007C9191 /* Images.xcassets in Resources */ = {isa = PBXBuildFile; fileRef = D6F1CBC91AFDF8A1007C9191 /* Images.xcassets */; };
		D6F1CBCD1AFDF8A1007C9191 /* LaunchScreen.xib in Resources */ = {isa = PBXBuildFile; fileRef = D6F1CBCB1AFDF8A1007C9191 /* LaunchScreen.xib */; };
		D6F1CBD91AFDF8A1007C9191 /* MttImageBrowserViewControllerTests.m in Sources */ = {isa = PBXBuildFile; fileRef = D6F1CBD81AFDF8A1007C9191 /* MttImageBrowserViewControllerTests.m */; };
		D6F1CBE81AFDFA4A007C9191 /* MttImageBrowserViewController.m in Sources */ = {isa = PBXBuildFile; fileRef = D6F1CBE71AFDFA4A007C9191 /* MttImageBrowserViewController.m */; };
		D6F1CBEB1AFDFD2A007C9191 /* MttImageBrowserView.m in Sources */ = {isa = PBXBuildFile; fileRef = D6F1CBEA1AFDFD2A007C9191 /* MttImageBrowserView.m */; };
		D6F1CBEE1AFDFDB3007C9191 /* MttImageBrowserToolbarView.m in Sources */ = {isa = PBXBuildFile; fileRef = D6F1CBED1AFDFDB3007C9191 /* MttImageBrowserToolbarView.m */; };
		D6F1CBF11AFDFDF2007C9191 /* MttImageBrowserThumbnailsView.m in Sources */ = {isa = PBXBuildFile; fileRef = D6F1CBF01AFDFDF2007C9191 /* MttImageBrowserThumbnailsView.m */; };
/* End PBXBuildFile section */

/* Begin PBXContainerItemProxy section */
		D6F1CBD31AFDF8A1007C9191 /* PBXContainerItemProxy */ = {
			isa = PBXContainerItemProxy;
			containerPortal = D6F1CBB11AFDF8A0007C9191 /* Project object */;
			proxyType = 1;
			remoteGlobalIDString = D6F1CBB81AFDF8A1007C9191;
			remoteInfo = MttImageBrowserViewController;
		};
/* End PBXContainerItemProxy section */

/* Begin PBXFileReference section */
		D60351551AFE5110000CE38A /* MttImageBrowserCellView.h */ = {isa = PBXFileReference; fileEncoding = 4; lastKnownFileType = sourcecode.c.h; path = MttImageBrowserCellView.h; sourceTree = "<group>"; };
		D60351561AFE5110000CE38A /* MttImageBrowserCellView.m */ = {isa = PBXFileReference; fileEncoding = 4; lastKnownFileType = sourcecode.c.objc; path = MttImageBrowserCellView.m; sourceTree = "<group>"; };
		D6F1CBB91AFDF8A1007C9191 /* MttImageBrowserViewController.app */ = {isa = PBXFileReference; explicitFileType = wrapper.application; includeInIndex = 0; path = MttImageBrowserViewController.app; sourceTree = BUILT_PRODUCTS_DIR; };
		D6F1CBBD1AFDF8A1007C9191 /* Info.plist */ = {isa = PBXFileReference; lastKnownFileType = text.plist.xml; path = Info.plist; sourceTree = "<group>"; };
		D6F1CBBE1AFDF8A1007C9191 /* main.m */ = {isa = PBXFileReference; lastKnownFileType = sourcecode.c.objc; path = main.m; sourceTree = "<group>"; };
		D6F1CBC01AFDF8A1007C9191 /* AppDelegate.h */ = {isa = PBXFileReference; lastKnownFileType = sourcecode.c.h; path = AppDelegate.h; sourceTree = "<group>"; };
		D6F1CBC11AFDF8A1007C9191 /* AppDelegate.m */ = {isa = PBXFileReference; lastKnownFileType = sourcecode.c.objc; path = AppDelegate.m; sourceTree = "<group>"; };
		D6F1CBC31AFDF8A1007C9191 /* ViewController.h */ = {isa = PBXFileReference; lastKnownFileType = sourcecode.c.h; path = ViewController.h; sourceTree = "<group>"; };
		D6F1CBC41AFDF8A1007C9191 /* ViewController.m */ = {isa = PBXFileReference; lastKnownFileType = sourcecode.c.objc; path = ViewController.m; sourceTree = "<group>"; };
		D6F1CBC71AFDF8A1007C9191 /* Base */ = {isa = PBXFileReference; lastKnownFileType = file.storyboard; name = Base; path = Base.lproj/Main.storyboard; sourceTree = "<group>"; };
		D6F1CBC91AFDF8A1007C9191 /* Images.xcassets */ = {isa = PBXFileReference; lastKnownFileType = folder.assetcatalog; path = Images.xcassets; sourceTree = "<group>"; };
		D6F1CBCC1AFDF8A1007C9191 /* Base */ = {isa = PBXFileReference; lastKnownFileType = file.xib; name = Base; path = Base.lproj/LaunchScreen.xib; sourceTree = "<group>"; };
		D6F1CBD21AFDF8A1007C9191 /* MttImageBrowserViewControllerTests.xctest */ = {isa = PBXFileReference; explicitFileType = wrapper.cfbundle; includeInIndex = 0; path = MttImageBrowserViewControllerTests.xctest; sourceTree = BUILT_PRODUCTS_DIR; };
		D6F1CBD71AFDF8A1007C9191 /* Info.plist */ = {isa = PBXFileReference; lastKnownFileType = text.plist.xml; path = Info.plist; sourceTree = "<group>"; };
		D6F1CBD81AFDF8A1007C9191 /* MttImageBrowserViewControllerTests.m */ = {isa = PBXFileReference; lastKnownFileType = sourcecode.c.objc; path = MttImageBrowserViewControllerTests.m; sourceTree = "<group>"; };
		D6F1CBE61AFDFA4A007C9191 /* MttImageBrowserViewController.h */ = {isa = PBXFileReference; fileEncoding = 4; lastKnownFileType = sourcecode.c.h; path = MttImageBrowserViewController.h; sourceTree = "<group>"; };
		D6F1CBE71AFDFA4A007C9191 /* MttImageBrowserViewController.m */ = {isa = PBXFileReference; fileEncoding = 4; lastKnownFileType = sourcecode.c.objc; path = MttImageBrowserViewController.m; sourceTree = "<group>"; };
		D6F1CBE91AFDFD2A007C9191 /* MttImageBrowserView.h */ = {isa = PBXFileReference; fileEncoding = 4; lastKnownFileType = sourcecode.c.h; path = MttImageBrowserView.h; sourceTree = "<group>"; };
		D6F1CBEA1AFDFD2A007C9191 /* MttImageBrowserView.m */ = {isa = PBXFileReference; fileEncoding = 4; lastKnownFileType = sourcecode.c.objc; path = MttImageBrowserView.m; sourceTree = "<group>"; };
		D6F1CBEC1AFDFDB3007C9191 /* MttImageBrowserToolbarView.h */ = {isa = PBXFileReference; fileEncoding = 4; lastKnownFileType = sourcecode.c.h; path = MttImageBrowserToolbarView.h; sourceTree = "<group>"; };
		D6F1CBED1AFDFDB3007C9191 /* MttImageBrowserToolbarView.m */ = {isa = PBXFileReference; fileEncoding = 4; lastKnownFileType = sourcecode.c.objc; path = MttImageBrowserToolbarView.m; sourceTree = "<group>"; };
		D6F1CBEF1AFDFDF2007C9191 /* MttImageBrowserThumbnailsView.h */ = {isa = PBXFileReference; fileEncoding = 4; lastKnownFileType = sourcecode.c.h; path = MttImageBrowserThumbnailsView.h; sourceTree = "<group>"; };
		D6F1CBF01AFDFDF2007C9191 /* MttImageBrowserThumbnailsView.m */ = {isa = PBXFileReference; fileEncoding = 4; lastKnownFileType = sourcecode.c.objc; path = MttImageBrowserThumbnailsView.m; sourceTree = "<group>"; };
/* End PBXFileReference section */

/* Begin PBXFrameworksBuildPhase section */
		D6F1CBB61AFDF8A1007C9191 /* Frameworks */ = {
			isa = PBXFrameworksBuildPhase;
			buildActionMask = 2147483647;
			files = (
			);
			runOnlyForDeploymentPostprocessing = 0;
		};
		D6F1CBCF1AFDF8A1007C9191 /* Frameworks */ = {
			isa = PBXFrameworksBuildPhase;
			buildActionMask = 2147483647;
			files = (
			);
			runOnlyForDeploymentPostprocessing = 0;
		};
/* End PBXFrameworksBuildPhase section */

/* Begin PBXGroup section */
		D6F1CBB01AFDF8A0007C9191 = {
			isa = PBXGroup;
			children = (
				D6F1CBBB1AFDF8A1007C9191 /* MttImageBrowserViewController */,
				D6F1CBD51AFDF8A1007C9191 /* MttImageBrowserViewControllerTests */,
				D6F1CBBA1AFDF8A1007C9191 /* Products */,
			);
			sourceTree = "<group>";
		};
		D6F1CBBA1AFDF8A1007C9191 /* Products */ = {
			isa = PBXGroup;
			children = (
				D6F1CBB91AFDF8A1007C9191 /* MttImageBrowserViewController.app */,
				D6F1CBD21AFDF8A1007C9191 /* MttImageBrowserViewControllerTests.xctest */,
			);
			name = Products;
			sourceTree = "<group>";
		};
		D6F1CBBB1AFDF8A1007C9191 /* MttImageBrowserViewController */ = {
			isa = PBXGroup;
			children = (
				D6F1CBE21AFDF974007C9191 /* ImageFile */,
				D6F1CBC01AFDF8A1007C9191 /* AppDelegate.h */,
				D6F1CBC11AFDF8A1007C9191 /* AppDelegate.m */,
				D6F1CBC31AFDF8A1007C9191 /* ViewController.h */,
				D6F1CBC41AFDF8A1007C9191 /* ViewController.m */,
				D6F1CBC61AFDF8A1007C9191 /* Main.storyboard */,
				D6F1CBC91AFDF8A1007C9191 /* Images.xcassets */,
				D6F1CBCB1AFDF8A1007C9191 /* LaunchScreen.xib */,
				D6F1CBBC1AFDF8A1007C9191 /* Supporting Files */,
			);
			path = MttImageBrowserViewController;
			sourceTree = "<group>";
		};
		D6F1CBBC1AFDF8A1007C9191 /* Supporting Files */ = {
			isa = PBXGroup;
			children = (
				D6F1CBBD1AFDF8A1007C9191 /* Info.plist */,
				D6F1CBBE1AFDF8A1007C9191 /* main.m */,
			);
			name = "Supporting Files";
			sourceTree = "<group>";
		};
		D6F1CBD51AFDF8A1007C9191 /* MttImageBrowserViewControllerTests */ = {
			isa = PBXGroup;
			children = (
				D6F1CBD81AFDF8A1007C9191 /* MttImageBrowserViewControllerTests.m */,
				D6F1CBD61AFDF8A1007C9191 /* Supporting Files */,
			);
			path = MttImageBrowserViewControllerTests;
			sourceTree = "<group>";
		};
		D6F1CBD61AFDF8A1007C9191 /* Supporting Files */ = {
			isa = PBXGroup;
			children = (
				D6F1CBD71AFDF8A1007C9191 /* Info.plist */,
			);
			name = "Supporting Files";
			sourceTree = "<group>";
		};
		D6F1CBE21AFDF974007C9191 /* ImageFile */ = {
			isa = PBXGroup;
			children = (
				D6F1CBE61AFDFA4A007C9191 /* MttImageBrowserViewController.h */,
				D60351551AFE5110000CE38A /* MttImageBrowserCellView.h */,
				D60351561AFE5110000CE38A /* MttImageBrowserCellView.m */,
				D6F1CBE71AFDFA4A007C9191 /* MttImageBrowserViewController.m */,
				D6F1CBE91AFDFD2A007C9191 /* MttImageBrowserView.h */,
				D6F1CBEA1AFDFD2A007C9191 /* MttImageBrowserView.m */,
				D6F1CBEC1AFDFDB3007C9191 /* MttImageBrowserToolbarView.h */,
				D6F1CBED1AFDFDB3007C9191 /* MttImageBrowserToolbarView.m */,
				D6F1CBEF1AFDFDF2007C9191 /* MttImageBrowserThumbnailsView.h */,
				D6F1CBF01AFDFDF2007C9191 /* MttImageBrowserThumbnailsView.m */,
			);
			path = ImageFile;
			sourceTree = "<group>";
		};
/* End PBXGroup section */

/* Begin PBXNativeTarget section */
		D6F1CBB81AFDF8A1007C9191 /* MttImageBrowserViewController */ = {
			isa = PBXNativeTarget;
			buildConfigurationList = D6F1CBDC1AFDF8A1007C9191 /* Build configuration list for PBXNativeTarget "MttImageBrowserViewController" */;
			buildPhases = (
				D6F1CBB51AFDF8A1007C9191 /* Sources */,
				D6F1CBB61AFDF8A1007C9191 /* Frameworks */,
				D6F1CBB71AFDF8A1007C9191 /* Resources */,
			);
			buildRules = (
			);
			dependencies = (
			);
			name = MttImageBrowserViewController;
			productName = MttImageBrowserViewController;
			productReference = D6F1CBB91AFDF8A1007C9191 /* MttImageBrowserViewController.app */;
			productType = "com.apple.product-type.application";
		};
		D6F1CBD11AFDF8A1007C9191 /* MttImageBrowserViewControllerTests */ = {
			isa = PBXNativeTarget;
			buildConfigurationList = D6F1CBDF1AFDF8A1007C9191 /* Build configuration list for PBXNativeTarget "MttImageBrowserViewControllerTests" */;
			buildPhases = (
				D6F1CBCE1AFDF8A1007C9191 /* Sources */,
				D6F1CBCF1AFDF8A1007C9191 /* Frameworks */,
				D6F1CBD01AFDF8A1007C9191 /* Resources */,
			);
			buildRules = (
			);
			dependencies = (
				D6F1CBD41AFDF8A1007C9191 /* PBXTargetDependency */,
			);
			name = MttImageBrowserViewControllerTests;
			productName = MttImageBrowserViewControllerTests;
			productReference = D6F1CBD21AFDF8A1007C9191 /* MttImageBrowserViewControllerTests.xctest */;
			productType = "com.apple.product-type.bundle.unit-test";
		};
/* End PBXNativeTarget section */

/* Begin PBXProject section */
		D6F1CBB11AFDF8A0007C9191 /* Project object */ = {
			isa = PBXProject;
			attributes = {
				LastUpgradeCheck = 0630;
				ORGANIZATIONNAME = vectorliu;
				TargetAttributes = {
					D6F1CBB81AFDF8A1007C9191 = {
						CreatedOnToolsVersion = 6.3.1;
					};
					D6F1CBD11AFDF8A1007C9191 = {
						CreatedOnToolsVersion = 6.3.1;
						TestTargetID = D6F1CBB81AFDF8A1007C9191;
					};
				};
			};
			buildConfigurationList = D6F1CBB41AFDF8A0007C9191 /* Build configuration list for PBXProject "MttImageBrowserViewController" */;
			compatibilityVersion = "Xcode 3.2";
			developmentRegion = English;
			hasScannedForEncodings = 0;
			knownRegions = (
				en,
				Base,
			);
			mainGroup = D6F1CBB01AFDF8A0007C9191;
			productRefGroup = D6F1CBBA1AFDF8A1007C9191 /* Products */;
			projectDirPath = "";
			projectRoot = "";
			targets = (
				D6F1CBB81AFDF8A1007C9191 /* MttImageBrowserViewController */,
				D6F1CBD11AFDF8A1007C9191 /* MttImageBrowserViewControllerTests */,
			);
		};
/* End PBXProject section */

/* Begin PBXResourcesBuildPhase section */
		D6F1CBB71AFDF8A1007C9191 /* Resources */ = {
			isa = PBXResourcesBuildPhase;
			buildActionMask = 2147483647;
			files = (
				D6F1CBC81AFDF8A1007C9191 /* Main.storyboard in Resources */,
				D6F1CBCD1AFDF8A1007C9191 /* LaunchScreen.xib in Resources */,
				D6F1CBCA1AFDF8A1007C9191 /* Images.xcassets in Resources */,
			);
			runOnlyForDeploymentPostprocessing = 0;
		};
		D6F1CBD01AFDF8A1007C9191 /* Resources */ = {
			isa = PBXResourcesBuildPhase;
			buildActionMask = 2147483647;
			files = (
			);
			runOnlyForDeploymentPostprocessing = 0;
		};
/* End PBXResourcesBuildPhase section */

/* Begin PBXSourcesBuildPhase section */
		D6F1CBB51AFDF8A1007C9191 /* Sources */ = {
			isa = PBXSourcesBuildPhase;
			buildActionMask = 2147483647;
			files = (
				D6F1CBF11AFDFDF2007C9191 /* MttImageBrowserThumbnailsView.m in Sources */,
				D6F1CBC51AFDF8A1007C9191 /* ViewController.m in Sources */,
				D6F1CBEE1AFDFDB3007C9191 /* MttImageBrowserToolbarView.m in Sources */,
				D60351571AFE5110000CE38A /* MttImageBrowserCellView.m in Sources */,
				D6F1CBE81AFDFA4A007C9191 /* MttImageBrowserViewController.m in Sources */,
				D6F1CBEB1AFDFD2A007C9191 /* MttImageBrowserView.m in Sources */,
				D6F1CBC21AFDF8A1007C9191 /* AppDelegate.m in Sources */,
				D6F1CBBF1AFDF8A1007C9191 /* main.m in Sources */,
			);
			runOnlyForDeploymentPostprocessing = 0;
		};
		D6F1CBCE1AFDF8A1007C9191 /* Sources */ = {
			isa = PBXSourcesBuildPhase;
			buildActionMask = 2147483647;
			files = (
				D6F1CBD91AFDF8A1007C9191 /* MttImageBrowserViewControllerTests.m in Sources */,
			);
			runOnlyForDeploymentPostprocessing = 0;
		};
/* End PBXSourcesBuildPhase section */

/* Begin PBXTargetDependency section */
		D6F1CBD41AFDF8A1007C9191 /* PBXTargetDependency */ = {
			isa = PBXTargetDependency;
			target = D6F1CBB81AFDF8A1007C9191 /* MttImageBrowserViewController */;
			targetProxy = D6F1CBD31AFDF8A1007C9191 /* PBXContainerItemProxy */;
		};
/* End PBXTargetDependency section */

/* Begin PBXVariantGroup section */
		D6F1CBC61AFDF8A1007C9191 /* Main.storyboard */ = {
			isa = PBXVariantGroup;
			children = (
				D6F1CBC71AFDF8A1007C9191 /* Base */,
			);
			name = Main.storyboard;
			sourceTree = "<group>";
		};
		D6F1CBCB1AFDF8A1007C9191 /* LaunchScreen.xib */ = {
			isa = PBXVariantGroup;
			children = (
				D6F1CBCC1AFDF8A1007C9191 /* Base */,
			);
			name = LaunchScreen.xib;
			sourceTree = "<group>";
		};
/* End PBXVariantGroup section */

/* Begin XCBuildConfiguration section */
		D6F1CBDA1AFDF8A1007C9191 /* Debug */ = {
			isa = XCBuildConfiguration;
			buildSettings = {
				ALWAYS_SEARCH_USER_PATHS = NO;
				CLANG_CXX_LANGUAGE_STANDARD = "gnu++0x";
				CLANG_CXX_LIBRARY = "libc++";
				CLANG_ENABLE_MODULES = YES;
				CLANG_ENABLE_OBJC_ARC = YES;
				CLANG_WARN_BOOL_CONVERSION = YES;
				CLANG_WARN_CONSTANT_CONVERSION = YES;
				CLANG_WARN_DIRECT_OBJC_ISA_USAGE = YES_ERROR;
				CLANG_WARN_EMPTY_BODY = YES;
				CLANG_WARN_ENUM_CONVERSION = YES;
				CLANG_WARN_INT_CONVERSION = YES;
				CLANG_WARN_OBJC_ROOT_CLASS = YES_ERROR;
				CLANG_WARN_UNREACHABLE_CODE = YES;
				CLANG_WARN__DUPLICATE_METHOD_MATCH = YES;
				"CODE_SIGN_IDENTITY[sdk=iphoneos*]" = "iPhone Developer";
				COPY_PHASE_STRIP = NO;
				DEBUG_INFORMATION_FORMAT = "dwarf-with-dsym";
				ENABLE_STRICT_OBJC_MSGSEND = YES;
				GCC_C_LANGUAGE_STANDARD = gnu99;
				GCC_DYNAMIC_NO_PIC = NO;
				GCC_NO_COMMON_BLOCKS = YES;
				GCC_OPTIMIZATION_LEVEL = 0;
				GCC_PREPROCESSOR_DEFINITIONS = (
					"DEBUG=1",
					"$(inherited)",
				);
				GCC_SYMBOLS_PRIVATE_EXTERN = NO;
				GCC_WARN_64_TO_32_BIT_CONVERSION = YES;
				GCC_WARN_ABOUT_RETURN_TYPE = YES_ERROR;
				GCC_WARN_UNDECLARED_SELECTOR = YES;
				GCC_WARN_UNINITIALIZED_AUTOS = YES_AGGRESSIVE;
				GCC_WARN_UNUSED_FUNCTION = YES;
				GCC_WARN_UNUSED_VARIABLE = YES;
				IPHONEOS_DEPLOYMENT_TARGET = 8.3;
				MTL_ENABLE_DEBUG_INFO = YES;
				ONLY_ACTIVE_ARCH = YES;
				SDKROOT = iphoneos;
				TARGETED_DEVICE_FAMILY = 2;
			};
			name = Debug;
		};
		D6F1CBDB1AFDF8A1007C9191 /* Release */ = {
			isa = XCBuildConfiguration;
			buildSettings = {
				ALWAYS_SEARCH_USER_PATHS = NO;
				CLANG_CXX_LANGUAGE_STANDARD = "gnu++0x";
				CLANG_CXX_LIBRARY = "libc++";
				CLANG_ENABLE_MODULES = YES;
				CLANG_ENABLE_OBJC_ARC = YES;
				CLANG_WARN_BOOL_CONVERSION = YES;
				CLANG_WARN_CONSTANT_CONVERSION = YES;
				CLANG_WARN_DIRECT_OBJC_ISA_USAGE = YES_ERROR;
				CLANG_WARN_EMPTY_BODY = YES;
				CLANG_WARN_ENUM_CONVERSION = YES;
				CLANG_WARN_INT_CONVERSION = YES;
				CLANG_WARN_OBJC_ROOT_CLASS = YES_ERROR;
				CLANG_WARN_UNREACHABLE_CODE = YES;
				CLANG_WARN__DUPLICATE_METHOD_MATCH = YES;
				"CODE_SIGN_IDENTITY[sdk=iphoneos*]" = "iPhone Developer";
				COPY_PHASE_STRIP = NO;
				DEBUG_INFORMATION_FORMAT = "dwarf-with-dsym";
				ENABLE_NS_ASSERTIONS = NO;
				ENABLE_STRICT_OBJC_MSGSEND = YES;
				GCC_C_LANGUAGE_STANDARD = gnu99;
				GCC_NO_COMMON_BLOCKS = YES;
				GCC_WARN_64_TO_32_BIT_CONVERSION = YES;
				GCC_WARN_ABOUT_RETURN_TYPE = YES_ERROR;
				GCC_WARN_UNDECLARED_SELECTOR = YES;
				GCC_WARN_UNINITIALIZED_AUTOS = YES_AGGRESSIVE;
				GCC_WARN_UNUSED_FUNCTION = YES;
				GCC_WARN_UNUSED_VARIABLE = YES;
				IPHONEOS_DEPLOYMENT_TARGET = 8.3;
				MTL_ENABLE_DEBUG_INFO = NO;
				SDKROOT = iphoneos;
				TARGETED_DEVICE_FAMILY = 2;
				VALIDATE_PRODUCT = YES;
			};
			name = Release;
		};
		D6F1CBDD1AFDF8A1007C9191 /* Debug */ = {
			isa = XCBuildConfiguration;
			buildSettings = {
				ASSETCATALOG_COMPILER_APPICON_NAME = AppIcon;
				INFOPLIST_FILE = MttImageBrowserViewController/Info.plist;
				LD_RUNPATH_SEARCH_PATHS = "$(inherited) @executable_path/Frameworks";
				PRODUCT_NAME = "$(TARGET_NAME)";
				TARGETED_DEVICE_FAMILY = 2;
			};
			name = Debug;
		};
		D6F1CBDE1AFDF8A1007C9191 /* Release */ = {
			isa = XCBuildConfiguration;
			buildSettings = {
				ASSETCATALOG_COMPILER_APPICON_NAME = AppIcon;
				INFOPLIST_FILE = MttImageBrowserViewController/Info.plist;
				LD_RUNPATH_SEARCH_PATHS = "$(inherited) @executable_path/Frameworks";
				PRODUCT_NAME = "$(TARGET_NAME)";
				TARGETED_DEVICE_FAMILY = 2;
			};
			name = Release;
		};
		D6F1CBE01AFDF8A1007C9191 /* Debug */ = {
			isa = XCBuildConfiguration;
			buildSettings = {
				BUNDLE_LOADER = "$(TEST_HOST)";
				FRAMEWORK_SEARCH_PATHS = (
					"$(SDKROOT)/Developer/Library/Frameworks",
					"$(inherited)",
				);
				GCC_PREPROCESSOR_DEFINITIONS = (
					"DEBUG=1",
					"$(inherited)",
				);
				INFOPLIST_FILE = MttImageBrowserViewControllerTests/Info.plist;
				LD_RUNPATH_SEARCH_PATHS = "$(inherited) @executable_path/Frameworks @loader_path/Frameworks";
				PRODUCT_NAME = "$(TARGET_NAME)";
				TEST_HOST = "$(BUILT_PRODUCTS_DIR)/MttImageBrowserViewController.app/MttImageBrowserViewController";
			};
			name = Debug;
		};
		D6F1CBE11AFDF8A1007C9191 /* Release */ = {
			isa = XCBuildConfiguration;
			buildSettings = {
				BUNDLE_LOADER = "$(TEST_HOST)";
				FRAMEWORK_SEARCH_PATHS = (
					"$(SDKROOT)/Developer/Library/Frameworks",
					"$(inherited)",
				);
				INFOPLIST_FILE = MttImageBrowserViewControllerTests/Info.plist;
				LD_RUNPATH_SEARCH_PATHS = "$(inherited) @executable_path/Frameworks @loader_path/Frameworks";
				PRODUCT_NAME = "$(TARGET_NAME)";
				TEST_HOST = "$(BUILT_PRODUCTS_DIR)/MttImageBrowserViewController.app/MttImageBrowserViewController";
			};
			name = Release;
		};
/* End XCBuildConfiguration section */

/* Begin XCConfigurationList section */
		D6F1CBB41AFDF8A0007C9191 /* Build configuration list for PBXProject "MttImageBrowserViewController" */ = {
			isa = XCConfigurationList;
			buildConfigurations = (
				D6F1CBDA1AFDF8A1007C9191 /* Debug */,
				D6F1CBDB1AFDF8A1007C9191 /* Release */,
			);
			defaultConfigurationIsVisible = 0;
			defaultConfigurationName = Release;
		};
		D6F1CBDC1AFDF8A1007C9191 /* Build configuration list for PBXNativeTarget "MttImageBrowserViewController" */ = {
			isa = XCConfigurationList;
			buildConfigurations = (
				D6F1CBDD1AFDF8A1007C9191 /* Debug */,
				D6F1CBDE1AFDF8A1007C9191 /* Release */,
			);
			defaultConfigurationIsVisible = 0;
			defaultConfigurationName = Release;
		};
		D6F1CBDF1AFDF8A1007C9191 /* Build configuration list for PBXNativeTarget "MttImageBrowserViewControllerTests" */ = {
			isa = XCConfigurationList;
			buildConfigurations = (
				D6F1CBE01AFDF8A1007C9191 /* Debug */,
				D6F1CBE11AFDF8A1007C9191 /* Release */,
			);
			defaultConfigurationIsVisible = 0;
			defaultConfigurationName = Release;
		};
/* End XCConfigurationList section */
	};
	rootObject = D6F1CBB11AFDF8A0007C9191 /* Project object */;
}
